
Microsoft Visual Studio Solution File, Format Version 12.00
# Visual Studio Version 17
VisualStudioVersion = 17.14.36414.22
MinimumVisualStudioVersion = 10.0.40219.1
Project("{FAE04EC0-301F-11D3-BF4B-00C04F79EFBC}") = "GuiApp", "GuiApp\GuiApp.csproj", "{79270649-45C6-4C5C-8379-50432FDCB771}"
EndProject
Project("{FAE04EC0-301F-11D3-BF4B-00C04F79EFBC}") = "ViewModel", "ViewModel\ViewModel.csproj", "{EC5CA253-8EA1-4229-890B-EC977284A790}"
EndProject
Project("{FAE04EC0-301F-11D3-BF4B-00C04F79EFBC}") = "Canvas", "Canvas\Canvas.csproj", "{D9786363-C8E5-4A89-BD24-D7AD6744C5BD}"
EndProject
Project("{2150E333-8FDC-42A3-9474-1A3956D46DE8}") = "Solution Items", "Solution Items", "{8EC462FD-D22E-90A8-E5CE-7E832BA40C5D}"
	ProjectSection(SolutionItems) = preProject
		.editorconfig = .editorconfig
		.gitignore = .gitignore
	EndProjectSection
EndProject
Global
	GlobalSection(SolutionConfigurationPlatforms) = preSolution
		Debug|Any CPU = Debug|Any CPU
		Release|Any CPU = Release|Any CPU
	EndGlobalSection
	GlobalSection(ProjectConfigurationPlatforms) = postSolution
		{79270649-45C6-4C5C-8379-50432FDCB771}.Debug|Any CPU.ActiveCfg = Debug|Any CPU
		{79270649-45C6-4C5C-8379-50432FDCB771}.Debug|Any CPU.Build.0 = Debug|Any CPU
		{79270649-45C6-4C5C-8379-50432FDCB771}.Release|Any CPU.ActiveCfg = Release|Any CPU
		{79270649-45C6-4C5C-8379-50432FDCB771}.Release|Any CPU.Build.0 = Release|Any CPU
		{EC5CA253-8EA1-4229-890B-EC977284A790}.Debug|Any CPU.ActiveCfg = Debug|Any CPU
		{EC5CA253-8EA1-4229-890B-EC977284A790}.Debug|Any CPU.Build.0 = Debug|Any CPU
		{EC5CA253-8EA1-4229-890B-EC977284A790}.Release|Any CPU.ActiveCfg = Release|Any CPU
		{EC5CA253-8EA1-4229-890B-EC977284A790}.Release|Any CPU.Build.0 = Release|Any CPU
		{D9786363-C8E5-4A89-BD24-D7AD6744C5BD}.Debug|Any CPU.ActiveCfg = Debug|Any CPU
		{D9786363-C8E5-4A89-BD24-D7AD6744C5BD}.Debug|Any CPU.Build.0 = Debug|Any CPU
		{D9786363-C8E5-4A89-BD24-D7AD6744C5BD}.Release|Any CPU.ActiveCfg = Release|Any CPU
		{D9786363-C8E5-4A89-BD24-D7AD6744C5BD}.Release|Any CPU.Build.0 = Release|Any CPU
	EndGlobalSection
	GlobalSection(SolutionProperties) = preSolution
		HideSolutionNode = FALSE
	EndGlobalSection
	GlobalSection(ExtensibilityGlobals) = postSolution
		SolutionGuid = {8B2E6FD7-044F-4B50-A7FA-8E47FFAAD6E1}
	EndGlobalSection
EndGlobal
